
Microsoft Visual Studio Solution File, Format Version 12.00
# Visual Studio 14
VisualStudioVersion = 14.0.25420.1
MinimumVisualStudioVersion = 10.0.40219.1
Project("{FAE04EC0-301F-11D3-BF4B-00C04F79EFBC}") = "GUI", "GUI\GUI.csproj", "{5B17AE1E-EFB0-48D6-AEBD-306E72A60446}"
EndProject
Project("{FAE04EC0-301F-11D3-BF4B-00C04F79EFBC}") = "ImageProcessing", "ImageProcessing\ImageProcessing.csproj", "{89934CDF-EAF0-4B26-A148-A9028F776239}"
EndProject
Global
	GlobalSection(SolutionConfigurationPlatforms) = preSolution
		Debug|Any CPU = Debug|Any CPU
		Release|Any CPU = Release|Any CPU
	EndGlobalSection
	GlobalSection(ProjectConfigurationPlatforms) = postSolution
		{5B17AE1E-EFB0-48D6-AEBD-306E72A60446}.Debug|Any CPU.ActiveCfg = Debug|Any CPU
		{5B17AE1E-EFB0-48D6-AEBD-306E72A60446}.Debug|Any CPU.Build.0 = Debug|Any CPU
		{5B17AE1E-EFB0-48D6-AEBD-306E72A60446}.Release|Any CPU.ActiveCfg = Release|Any CPU
		{5B17AE1E-EFB0-48D6-AEBD-306E72A60446}.Release|Any CPU.Build.0 = Release|Any CPU
		{89934CDF-EAF0-4B26-A148-A9028F776239}.Debug|Any CPU.ActiveCfg = Debug|Any CPU
		{89934CDF-EAF0-4B26-A148-A9028F776239}.Debug|Any CPU.Build.0 = Debug|Any CPU
		{89934CDF-EAF0-4B26-A148-A9028F776239}.Release|Any CPU.ActiveCfg = Release|Any CPU
		{89934CDF-EAF0-4B26-A148-A9028F776239}.Release|Any CPU.Build.0 = Release|Any CPU
	EndGlobalSection
	GlobalSection(SolutionProperties) = preSolution
		HideSolutionNode = FALSE
	EndGlobalSection
EndGlobal
